// !$*UTF8*$!
{
	archiveVersion = 1;
	classes = {
	};
	objectVersion = 56;
	objects = {

/* Begin PBXBuildFile section */
		09C3A65388E1D7F3ABC1B04A /* Pods_GitHubUsersTests.framework in Frameworks */ = {isa = PBXBuildFile; fileRef = F1E451BE788102C1C4858679 /* Pods_GitHubUsersTests.framework */; };
		5F4D977F26DBF333EDCAA16D /* Pods_GitHubUsers_GitHubUsersUITests.framework in Frameworks */ = {isa = PBXBuildFile; fileRef = D817333E3DBEFF4D35EC30C4 /* Pods_GitHubUsers_GitHubUsersUITests.framework */; };
		C1727E662E0FE56600F8AFAB /* String+.swift in Sources */ = {isa = PBXBuildFile; fileRef = C1727E652E0FE56600F8AFAB /* String+.swift */; };
		C1727E682E0FE84C00F8AFAB /* HTTPWebService.swift in Sources */ = {isa = PBXBuildFile; fileRef = C1727E672E0FE84C00F8AFAB /* HTTPWebService.swift */; };
		C1727E6A2E0FE8A300F8AFAB /* APICall.swift in Sources */ = {isa = PBXBuildFile; fileRef = C1727E692E0FE8A300F8AFAB /* APICall.swift */; };
		C1727E6D2E0FEF7F00F8AFAB /* GitHubUser.swift in Sources */ = {isa = PBXBuildFile; fileRef = C1727E6C2E0FEF7F00F8AFAB /* GitHubUser.swift */; };
		C1727E6F2E0FF20100F8AFAB /* GitHubRepo.swift in Sources */ = {isa = PBXBuildFile; fileRef = C1727E6E2E0FF20100F8AFAB /* GitHubRepo.swift */; };
		C1727E742E0FF3CA00F8AFAB /* GitHubUserServices.swift in Sources */ = {isa = PBXBuildFile; fileRef = C1727E732E0FF3CA00F8AFAB /* GitHubUserServices.swift */; };
		C1727E792E10039900F8AFAB /* GitHubUserListViewModel.swift in Sources */ = {isa = PBXBuildFile; fileRef = C1727E782E10039900F8AFAB /* GitHubUserListViewModel.swift */; };
		C1727E7B2E10043F00F8AFAB /* GitHubUsersAPI.swift in Sources */ = {isa = PBXBuildFile; fileRef = C1727E7A2E10043F00F8AFAB /* GitHubUsersAPI.swift */; };
		C1727E7E2E10068100F8AFAB /* GitHubUserListView.swift in Sources */ = {isa = PBXBuildFile; fileRef = C1727E7D2E10068100F8AFAB /* GitHubUserListView.swift */; };
		C1727E802E1006BB00F8AFAB /* GitHubUserListViewItem.swift in Sources */ = {isa = PBXBuildFile; fileRef = C1727E7F2E1006BB00F8AFAB /* GitHubUserListViewItem.swift */; };
		C1727E852E10629900F8AFAB /* GitHubUserDetailsViewModel.swift in Sources */ = {isa = PBXBuildFile; fileRef = C1727E842E10629900F8AFAB /* GitHubUserDetailsViewModel.swift */; };
		C1727E892E10643900F8AFAB /* GitHubUserInfoView.swift in Sources */ = {isa = PBXBuildFile; fileRef = C1727E882E10643900F8AFAB /* GitHubUserInfoView.swift */; };
		C1727E8B2E1066F100F8AFAB /* GitHubUserDetailsView.swift in Sources */ = {isa = PBXBuildFile; fileRef = C1727E8A2E1066F100F8AFAB /* GitHubUserDetailsView.swift */; };
		C1727E8D2E10738200F8AFAB /* GitHubUserRepoServices.swift in Sources */ = {isa = PBXBuildFile; fileRef = C1727E8C2E10738200F8AFAB /* GitHubUserRepoServices.swift */; };
		C1727E8F2E10784500F8AFAB /* GitHubUserRepoListViewItem.swift in Sources */ = {isa = PBXBuildFile; fileRef = C1727E8E2E10784500F8AFAB /* GitHubUserRepoListViewItem.swift */; };
		C1727E932E11487100F8AFAB /* WebView.swift in Sources */ = {isa = PBXBuildFile; fileRef = C1727E922E11487100F8AFAB /* WebView.swift */; };
		C1727E952E1157CB00F8AFAB /* View+.swift in Sources */ = {isa = PBXBuildFile; fileRef = C1727E942E1157CB00F8AFAB /* View+.swift */; };
		C17C4E712E0F93A2009D76F4 /* GitHubUsersApp.swift in Sources */ = {isa = PBXBuildFile; fileRef = C17C4E702E0F93A2009D76F4 /* GitHubUsersApp.swift */; };
		C17C4E732E0F93A2009D76F4 /* ContentView.swift in Sources */ = {isa = PBXBuildFile; fileRef = C17C4E722E0F93A2009D76F4 /* ContentView.swift */; };
		C17C4E752E0F93A2009D76F4 /* Item.swift in Sources */ = {isa = PBXBuildFile; fileRef = C17C4E742E0F93A2009D76F4 /* Item.swift */; };
		C17C4E772E0F93A3009D76F4 /* Assets.xcassets in Resources */ = {isa = PBXBuildFile; fileRef = C17C4E762E0F93A3009D76F4 /* Assets.xcassets */; };
		C17C4E7A2E0F93A3009D76F4 /* Preview Assets.xcassets in Resources */ = {isa = PBXBuildFile; fileRef = C17C4E792E0F93A3009D76F4 /* Preview Assets.xcassets */; };
		C17C4E842E0F93A4009D76F4 /* GitHubUsersTests.swift in Sources */ = {isa = PBXBuildFile; fileRef = C17C4E832E0F93A4009D76F4 /* GitHubUsersTests.swift */; };
		C17C4E8E2E0F93A4009D76F4 /* GitHubUsersUITests.swift in Sources */ = {isa = PBXBuildFile; fileRef = C17C4E8D2E0F93A4009D76F4 /* GitHubUsersUITests.swift */; };
		C17C4E902E0F93A4009D76F4 /* GitHubUsersUITestsLaunchTests.swift in Sources */ = {isa = PBXBuildFile; fileRef = C17C4E8F2E0F93A4009D76F4 /* GitHubUsersUITestsLaunchTests.swift */; };
		C17C4EA62E0FAFBC009D76F4 /* APIConfig.stencil in Resources */ = {isa = PBXBuildFile; fileRef = C17C4EA52E0FAFBC009D76F4 /* APIConfig.stencil */; };
		C17C4EA82E0FAFD1009D76F4 /* APIConfig.generated.swift in Sources */ = {isa = PBXBuildFile; fileRef = C17C4EA72E0FAFD1009D76F4 /* APIConfig.generated.swift */; };
		C17C4EAB2E0FB8A5009D76F4 /* HTTPError.swift in Sources */ = {isa = PBXBuildFile; fileRef = C17C4EAA2E0FB8A5009D76F4 /* HTTPError.swift */; };
		C17C4EAD2E0FB8CA009D76F4 /* HTTPHeader.swift in Sources */ = {isa = PBXBuildFile; fileRef = C17C4EAC2E0FB8CA009D76F4 /* HTTPHeader.swift */; };
		C17C4EAF2E0FB928009D76F4 /* Result+Decode.swift in Sources */ = {isa = PBXBuildFile; fileRef = C17C4EAE2E0FB928009D76F4 /* Result+Decode.swift */; };
		C17C4EB22E0FB96D009D76F4 /* Decodable+Decode.swift in Sources */ = {isa = PBXBuildFile; fileRef = C17C4EB12E0FB96D009D76F4 /* Decodable+Decode.swift */; };
		C17C4EB42E0FB9D2009D76F4 /* URL+Query.swift in Sources */ = {isa = PBXBuildFile; fileRef = C17C4EB32E0FB9D2009D76F4 /* URL+Query.swift */; };
		C17C4EB62E0FBA00009D76F4 /* URLRequest+.swift in Sources */ = {isa = PBXBuildFile; fileRef = C17C4EB52E0FBA00009D76F4 /* URLRequest+.swift */; };
		C17C4EB82E0FBA42009D76F4 /* URLResponse+.swift in Sources */ = {isa = PBXBuildFile; fileRef = C17C4EB72E0FBA42009D76F4 /* URLResponse+.swift */; };
		C17C4EBA2E0FBA61009D76F4 /* URLSession+Request.swift in Sources */ = {isa = PBXBuildFile; fileRef = C17C4EB92E0FBA61009D76F4 /* URLSession+Request.swift */; };
		C17C4EBC2E0FBA84009D76F4 /* Pagination.swift in Sources */ = {isa = PBXBuildFile; fileRef = C17C4EBB2E0FBA84009D76F4 /* Pagination.swift */; };
		CE39E318BECF35D575CF9628 /* Pods_GitHubUsers.framework in Frameworks */ = {isa = PBXBuildFile; fileRef = 3AE01B523E7528C955411C22 /* Pods_GitHubUsers.framework */; };
/* End PBXBuildFile section */

/* Begin PBXContainerItemProxy section */
		C17C4E802E0F93A4009D76F4 /* PBXContainerItemProxy */ = {
			isa = PBXContainerItemProxy;
			containerPortal = C17C4E652E0F93A2009D76F4 /* Project object */;
			proxyType = 1;
			remoteGlobalIDString = C17C4E6C2E0F93A2009D76F4;
			remoteInfo = GitHubUsers;
		};
		C17C4E8A2E0F93A4009D76F4 /* PBXContainerItemProxy */ = {
			isa = PBXContainerItemProxy;
			containerPortal = C17C4E652E0F93A2009D76F4 /* Project object */;
			proxyType = 1;
			remoteGlobalIDString = C17C4E6C2E0F93A2009D76F4;
			remoteInfo = GitHubUsers;
		};
/* End PBXContainerItemProxy section */

/* Begin PBXFileReference section */
		1264A37289011F4C0A1F5195 /* Pods-GitHubUsersTests.release.xcconfig */ = {isa = PBXFileReference; includeInIndex = 1; lastKnownFileType = text.xcconfig; name = "Pods-GitHubUsersTests.release.xcconfig"; path = "Target Support Files/Pods-GitHubUsersTests/Pods-GitHubUsersTests.release.xcconfig"; sourceTree = "<group>"; };
		217B66196A0803D5F045CA0E /* Pods-GitHubUsers.release.xcconfig */ = {isa = PBXFileReference; includeInIndex = 1; lastKnownFileType = text.xcconfig; name = "Pods-GitHubUsers.release.xcconfig"; path = "Target Support Files/Pods-GitHubUsers/Pods-GitHubUsers.release.xcconfig"; sourceTree = "<group>"; };
		3AE01B523E7528C955411C22 /* Pods_GitHubUsers.framework */ = {isa = PBXFileReference; explicitFileType = wrapper.framework; includeInIndex = 0; path = Pods_GitHubUsers.framework; sourceTree = BUILT_PRODUCTS_DIR; };
		879209BCB59B2401AAD83D97 /* Pods-GitHubUsersTests.debug.xcconfig */ = {isa = PBXFileReference; includeInIndex = 1; lastKnownFileType = text.xcconfig; name = "Pods-GitHubUsersTests.debug.xcconfig"; path = "Target Support Files/Pods-GitHubUsersTests/Pods-GitHubUsersTests.debug.xcconfig"; sourceTree = "<group>"; };
		B2600C066F3FB01A84A65693 /* Pods-GitHubUsers.debug.xcconfig */ = {isa = PBXFileReference; includeInIndex = 1; lastKnownFileType = text.xcconfig; name = "Pods-GitHubUsers.debug.xcconfig"; path = "Target Support Files/Pods-GitHubUsers/Pods-GitHubUsers.debug.xcconfig"; sourceTree = "<group>"; };
		C1727E652E0FE56600F8AFAB /* String+.swift */ = {isa = PBXFileReference; lastKnownFileType = sourcecode.swift; path = "String+.swift"; sourceTree = "<group>"; };
		C1727E672E0FE84C00F8AFAB /* HTTPWebService.swift */ = {isa = PBXFileReference; lastKnownFileType = sourcecode.swift; path = HTTPWebService.swift; sourceTree = "<group>"; };
		C1727E692E0FE8A300F8AFAB /* APICall.swift */ = {isa = PBXFileReference; lastKnownFileType = sourcecode.swift; path = APICall.swift; sourceTree = "<group>"; };
		C1727E6C2E0FEF7F00F8AFAB /* GitHubUser.swift */ = {isa = PBXFileReference; lastKnownFileType = sourcecode.swift; path = GitHubUser.swift; sourceTree = "<group>"; };
		C1727E6E2E0FF20100F8AFAB /* GitHubRepo.swift */ = {isa = PBXFileReference; lastKnownFileType = sourcecode.swift; path = GitHubRepo.swift; sourceTree = "<group>"; };
		C1727E732E0FF3CA00F8AFAB /* GitHubUserServices.swift */ = {isa = PBXFileReference; lastKnownFileType = sourcecode.swift; path = GitHubUserServices.swift; sourceTree = "<group>"; };
		C1727E782E10039900F8AFAB /* GitHubUserListViewModel.swift */ = {isa = PBXFileReference; lastKnownFileType = sourcecode.swift; path = GitHubUserListViewModel.swift; sourceTree = "<group>"; };
		C1727E7A2E10043F00F8AFAB /* GitHubUsersAPI.swift */ = {isa = PBXFileReference; lastKnownFileType = sourcecode.swift; path = GitHubUsersAPI.swift; sourceTree = "<group>"; };
		C1727E7D2E10068100F8AFAB /* GitHubUserListView.swift */ = {isa = PBXFileReference; lastKnownFileType = sourcecode.swift; path = GitHubUserListView.swift; sourceTree = "<group>"; };
		C1727E7F2E1006BB00F8AFAB /* GitHubUserListViewItem.swift */ = {isa = PBXFileReference; lastKnownFileType = sourcecode.swift; path = GitHubUserListViewItem.swift; sourceTree = "<group>"; };
		C1727E842E10629900F8AFAB /* GitHubUserDetailsViewModel.swift */ = {isa = PBXFileReference; lastKnownFileType = sourcecode.swift; path = GitHubUserDetailsViewModel.swift; sourceTree = "<group>"; };
		C1727E882E10643900F8AFAB /* GitHubUserInfoView.swift */ = {isa = PBXFileReference; lastKnownFileType = sourcecode.swift; path = GitHubUserInfoView.swift; sourceTree = "<group>"; };
		C1727E8A2E1066F100F8AFAB /* GitHubUserDetailsView.swift */ = {isa = PBXFileReference; lastKnownFileType = sourcecode.swift; path = GitHubUserDetailsView.swift; sourceTree = "<group>"; };
		C1727E8C2E10738200F8AFAB /* GitHubUserRepoServices.swift */ = {isa = PBXFileReference; lastKnownFileType = sourcecode.swift; path = GitHubUserRepoServices.swift; sourceTree = "<group>"; };
		C1727E8E2E10784500F8AFAB /* GitHubUserRepoListViewItem.swift */ = {isa = PBXFileReference; lastKnownFileType = sourcecode.swift; path = GitHubUserRepoListViewItem.swift; sourceTree = "<group>"; };
		C1727E922E11487100F8AFAB /* WebView.swift */ = {isa = PBXFileReference; lastKnownFileType = sourcecode.swift; path = WebView.swift; sourceTree = "<group>"; };
		C1727E942E1157CB00F8AFAB /* View+.swift */ = {isa = PBXFileReference; lastKnownFileType = sourcecode.swift; path = "View+.swift"; sourceTree = "<group>"; };
		C17C4E6D2E0F93A2009D76F4 /* GitHubUsers.app */ = {isa = PBXFileReference; explicitFileType = wrapper.application; includeInIndex = 0; path = GitHubUsers.app; sourceTree = BUILT_PRODUCTS_DIR; };
		C17C4E702E0F93A2009D76F4 /* GitHubUsersApp.swift */ = {isa = PBXFileReference; lastKnownFileType = sourcecode.swift; path = GitHubUsersApp.swift; sourceTree = "<group>"; };
		C17C4E722E0F93A2009D76F4 /* ContentView.swift */ = {isa = PBXFileReference; lastKnownFileType = sourcecode.swift; path = ContentView.swift; sourceTree = "<group>"; };
		C17C4E742E0F93A2009D76F4 /* Item.swift */ = {isa = PBXFileReference; lastKnownFileType = sourcecode.swift; path = Item.swift; sourceTree = "<group>"; };
		C17C4E762E0F93A3009D76F4 /* Assets.xcassets */ = {isa = PBXFileReference; lastKnownFileType = folder.assetcatalog; path = Assets.xcassets; sourceTree = "<group>"; };
		C17C4E792E0F93A3009D76F4 /* Preview Assets.xcassets */ = {isa = PBXFileReference; lastKnownFileType = folder.assetcatalog; path = "Preview Assets.xcassets"; sourceTree = "<group>"; };
		C17C4E7F2E0F93A4009D76F4 /* GitHubUsersTests.xctest */ = {isa = PBXFileReference; explicitFileType = wrapper.cfbundle; includeInIndex = 0; path = GitHubUsersTests.xctest; sourceTree = BUILT_PRODUCTS_DIR; };
		C17C4E832E0F93A4009D76F4 /* GitHubUsersTests.swift */ = {isa = PBXFileReference; lastKnownFileType = sourcecode.swift; path = GitHubUsersTests.swift; sourceTree = "<group>"; };
		C17C4E892E0F93A4009D76F4 /* GitHubUsersUITests.xctest */ = {isa = PBXFileReference; explicitFileType = wrapper.cfbundle; includeInIndex = 0; path = GitHubUsersUITests.xctest; sourceTree = BUILT_PRODUCTS_DIR; };
		C17C4E8D2E0F93A4009D76F4 /* GitHubUsersUITests.swift */ = {isa = PBXFileReference; lastKnownFileType = sourcecode.swift; path = GitHubUsersUITests.swift; sourceTree = "<group>"; };
		C17C4E8F2E0F93A4009D76F4 /* GitHubUsersUITestsLaunchTests.swift */ = {isa = PBXFileReference; lastKnownFileType = sourcecode.swift; path = GitHubUsersUITestsLaunchTests.swift; sourceTree = "<group>"; };
		C17C4EA52E0FAFBC009D76F4 /* APIConfig.stencil */ = {isa = PBXFileReference; fileEncoding = 4; lastKnownFileType = text; path = APIConfig.stencil; sourceTree = "<group>"; };
		C17C4EA72E0FAFD1009D76F4 /* APIConfig.generated.swift */ = {isa = PBXFileReference; fileEncoding = 4; lastKnownFileType = sourcecode.swift; path = APIConfig.generated.swift; sourceTree = "<group>"; };
		C17C4EAA2E0FB8A5009D76F4 /* HTTPError.swift */ = {isa = PBXFileReference; lastKnownFileType = sourcecode.swift; path = HTTPError.swift; sourceTree = "<group>"; };
		C17C4EAC2E0FB8CA009D76F4 /* HTTPHeader.swift */ = {isa = PBXFileReference; lastKnownFileType = sourcecode.swift; path = HTTPHeader.swift; sourceTree = "<group>"; };
		C17C4EAE2E0FB928009D76F4 /* Result+Decode.swift */ = {isa = PBXFileReference; lastKnownFileType = sourcecode.swift; path = "Result+Decode.swift"; sourceTree = "<group>"; };
		C17C4EB12E0FB96D009D76F4 /* Decodable+Decode.swift */ = {isa = PBXFileReference; lastKnownFileType = sourcecode.swift; path = "Decodable+Decode.swift"; sourceTree = "<group>"; };
		C17C4EB32E0FB9D2009D76F4 /* URL+Query.swift */ = {isa = PBXFileReference; lastKnownFileType = sourcecode.swift; path = "URL+Query.swift"; sourceTree = "<group>"; };
		C17C4EB52E0FBA00009D76F4 /* URLRequest+.swift */ = {isa = PBXFileReference; lastKnownFileType = sourcecode.swift; path = "URLRequest+.swift"; sourceTree = "<group>"; };
		C17C4EB72E0FBA42009D76F4 /* URLResponse+.swift */ = {isa = PBXFileReference; lastKnownFileType = sourcecode.swift; path = "URLResponse+.swift"; sourceTree = "<group>"; };
		C17C4EB92E0FBA61009D76F4 /* URLSession+Request.swift */ = {isa = PBXFileReference; lastKnownFileType = sourcecode.swift; path = "URLSession+Request.swift"; sourceTree = "<group>"; };
		C17C4EBB2E0FBA84009D76F4 /* Pagination.swift */ = {isa = PBXFileReference; lastKnownFileType = sourcecode.swift; path = Pagination.swift; sourceTree = "<group>"; };
		D5AE30B1A987C8164ECA901C /* Pods-GitHubUsers-GitHubUsersUITests.release.xcconfig */ = {isa = PBXFileReference; includeInIndex = 1; lastKnownFileType = text.xcconfig; name = "Pods-GitHubUsers-GitHubUsersUITests.release.xcconfig"; path = "Target Support Files/Pods-GitHubUsers-GitHubUsersUITests/Pods-GitHubUsers-GitHubUsersUITests.release.xcconfig"; sourceTree = "<group>"; };
		D817333E3DBEFF4D35EC30C4 /* Pods_GitHubUsers_GitHubUsersUITests.framework */ = {isa = PBXFileReference; explicitFileType = wrapper.framework; includeInIndex = 0; path = Pods_GitHubUsers_GitHubUsersUITests.framework; sourceTree = BUILT_PRODUCTS_DIR; };
		F1E451BE788102C1C4858679 /* Pods_GitHubUsersTests.framework */ = {isa = PBXFileReference; explicitFileType = wrapper.framework; includeInIndex = 0; path = Pods_GitHubUsersTests.framework; sourceTree = BUILT_PRODUCTS_DIR; };
		FE66373EF0A26025AE5F217F /* Pods-GitHubUsers-GitHubUsersUITests.debug.xcconfig */ = {isa = PBXFileReference; includeInIndex = 1; lastKnownFileType = text.xcconfig; name = "Pods-GitHubUsers-GitHubUsersUITests.debug.xcconfig"; path = "Target Support Files/Pods-GitHubUsers-GitHubUsersUITests/Pods-GitHubUsers-GitHubUsersUITests.debug.xcconfig"; sourceTree = "<group>"; };
/* End PBXFileReference section */

/* Begin PBXFrameworksBuildPhase section */
		C17C4E6A2E0F93A2009D76F4 /* Frameworks */ = {
			isa = PBXFrameworksBuildPhase;
			buildActionMask = 2147483647;
			files = (
				CE39E318BECF35D575CF9628 /* Pods_GitHubUsers.framework in Frameworks */,
			);
			runOnlyForDeploymentPostprocessing = 0;
		};
		C17C4E7C2E0F93A4009D76F4 /* Frameworks */ = {
			isa = PBXFrameworksBuildPhase;
			buildActionMask = 2147483647;
			files = (
				09C3A65388E1D7F3ABC1B04A /* Pods_GitHubUsersTests.framework in Frameworks */,
			);
			runOnlyForDeploymentPostprocessing = 0;
		};
		C17C4E862E0F93A4009D76F4 /* Frameworks */ = {
			isa = PBXFrameworksBuildPhase;
			buildActionMask = 2147483647;
			files = (
				5F4D977F26DBF333EDCAA16D /* Pods_GitHubUsers_GitHubUsersUITests.framework in Frameworks */,
			);
			runOnlyForDeploymentPostprocessing = 0;
		};
/* End PBXFrameworksBuildPhase section */

/* Begin PBXGroup section */
		54F87D011D800652757ECABC /* Pods */ = {
			isa = PBXGroup;
			children = (
				B2600C066F3FB01A84A65693 /* Pods-GitHubUsers.debug.xcconfig */,
				217B66196A0803D5F045CA0E /* Pods-GitHubUsers.release.xcconfig */,
				FE66373EF0A26025AE5F217F /* Pods-GitHubUsers-GitHubUsersUITests.debug.xcconfig */,
				D5AE30B1A987C8164ECA901C /* Pods-GitHubUsers-GitHubUsersUITests.release.xcconfig */,
				879209BCB59B2401AAD83D97 /* Pods-GitHubUsersTests.debug.xcconfig */,
				1264A37289011F4C0A1F5195 /* Pods-GitHubUsersTests.release.xcconfig */,
			);
			path = Pods;
			sourceTree = "<group>";
		};
		C1727E6B2E0FEF6100F8AFAB /* Models */ = {
			isa = PBXGroup;
			children = (
				C1727E6C2E0FEF7F00F8AFAB /* GitHubUser.swift */,
				C1727E6E2E0FF20100F8AFAB /* GitHubRepo.swift */,
			);
			path = Models;
			sourceTree = "<group>";
		};
		C1727E722E0FF3AD00F8AFAB /* Services */ = {
			isa = PBXGroup;
			children = (
				C1727E8C2E10738200F8AFAB /* GitHubUserRepoServices.swift */,
				C1727E732E0FF3CA00F8AFAB /* GitHubUserServices.swift */,
				C1727E7A2E10043F00F8AFAB /* GitHubUsersAPI.swift */,
			);
			path = Services;
			sourceTree = "<group>";
		};
		C1727E752E10035B00F8AFAB /* GitHubUserList */ = {
			isa = PBXGroup;
			children = (
				C1727E7C2E10066200F8AFAB /* View */,
				C1727E772E10037900F8AFAB /* ViewModel */,
			);
			path = GitHubUserList;
			sourceTree = "<group>";
		};
		C1727E772E10037900F8AFAB /* ViewModel */ = {
			isa = PBXGroup;
			children = (
				C1727E782E10039900F8AFAB /* GitHubUserListViewModel.swift */,
			);
			path = ViewModel;
			sourceTree = "<group>";
		};
		C1727E7C2E10066200F8AFAB /* View */ = {
			isa = PBXGroup;
			children = (
				C1727E7D2E10068100F8AFAB /* GitHubUserListView.swift */,
				C1727E7F2E1006BB00F8AFAB /* GitHubUserListViewItem.swift */,
			);
			path = View;
			sourceTree = "<group>";
		};
		C1727E832E10626F00F8AFAB /* GitHubUserDetails */ = {
			isa = PBXGroup;
			children = (
				C1727E872E10641800F8AFAB /* View */,
				C1727E862E10629D00F8AFAB /* ViewModel */,
			);
			path = GitHubUserDetails;
			sourceTree = "<group>";
		};
		C1727E862E10629D00F8AFAB /* ViewModel */ = {
			isa = PBXGroup;
			children = (
				C1727E842E10629900F8AFAB /* GitHubUserDetailsViewModel.swift */,
			);
			path = ViewModel;
			sourceTree = "<group>";
		};
		C1727E872E10641800F8AFAB /* View */ = {
			isa = PBXGroup;
			children = (
				C1727E882E10643900F8AFAB /* GitHubUserInfoView.swift */,
				C1727E8E2E10784500F8AFAB /* GitHubUserRepoListViewItem.swift */,
				C1727E8A2E1066F100F8AFAB /* GitHubUserDetailsView.swift */,
			);
			path = View;
			sourceTree = "<group>";
		};
		C1727E902E11478700F8AFAB /* Webviews */ = {
			isa = PBXGroup;
			children = (
				C1727E912E11479700F8AFAB /* View */,
			);
			path = Webviews;
			sourceTree = "<group>";
		};
		C1727E912E11479700F8AFAB /* View */ = {
			isa = PBXGroup;
			children = (
				C1727E922E11487100F8AFAB /* WebView.swift */,
			);
			path = View;
			sourceTree = "<group>";
		};
		C17C4E642E0F93A2009D76F4 = {
			isa = PBXGroup;
			children = (
				C17C4E6F2E0F93A2009D76F4 /* GitHubUsers */,
				C17C4E822E0F93A4009D76F4 /* GitHubUsersTests */,
				C17C4E8C2E0F93A4009D76F4 /* GitHubUsersUITests */,
				C17C4E6E2E0F93A2009D76F4 /* Products */,
				54F87D011D800652757ECABC /* Pods */,
				DC2AB645CA1E5DCCC5ED6E23 /* Frameworks */,
			);
			sourceTree = "<group>";
		};
		C17C4E6E2E0F93A2009D76F4 /* Products */ = {
			isa = PBXGroup;
			children = (
				C17C4E6D2E0F93A2009D76F4 /* GitHubUsers.app */,
				C17C4E7F2E0F93A4009D76F4 /* GitHubUsersTests.xctest */,
				C17C4E892E0F93A4009D76F4 /* GitHubUsersUITests.xctest */,
			);
			name = Products;
			sourceTree = "<group>";
		};
		C17C4E6F2E0F93A2009D76F4 /* GitHubUsers */ = {
			isa = PBXGroup;
			children = (
				C1727E6B2E0FEF6100F8AFAB /* Models */,
				C17C4EB02E0FB951009D76F4 /* Utilities */,
				C17C4EA92E0FB88B009D76F4 /* Network */,
				C17C4E9D2E0FA2FC009D76F4 /* Helpers */,
				C1727E722E0FF3AD00F8AFAB /* Services */,
				C1727E752E10035B00F8AFAB /* GitHubUserList */,
				C1727E832E10626F00F8AFAB /* GitHubUserDetails */,
				C1727E902E11478700F8AFAB /* Webviews */,
				C17C4E702E0F93A2009D76F4 /* GitHubUsersApp.swift */,
				C17C4E722E0F93A2009D76F4 /* ContentView.swift */,
				C17C4E742E0F93A2009D76F4 /* Item.swift */,
				C17C4E762E0F93A3009D76F4 /* Assets.xcassets */,
				C17C4E782E0F93A3009D76F4 /* Preview Content */,
			);
			path = GitHubUsers;
			sourceTree = "<group>";
		};
		C17C4E782E0F93A3009D76F4 /* Preview Content */ = {
			isa = PBXGroup;
			children = (
				C17C4E792E0F93A3009D76F4 /* Preview Assets.xcassets */,
			);
			path = "Preview Content";
			sourceTree = "<group>";
		};
		C17C4E822E0F93A4009D76F4 /* GitHubUsersTests */ = {
			isa = PBXGroup;
			children = (
				C17C4E832E0F93A4009D76F4 /* GitHubUsersTests.swift */,
			);
			path = GitHubUsersTests;
			sourceTree = "<group>";
		};
		C17C4E8C2E0F93A4009D76F4 /* GitHubUsersUITests */ = {
			isa = PBXGroup;
			children = (
				C17C4E8D2E0F93A4009D76F4 /* GitHubUsersUITests.swift */,
				C17C4E8F2E0F93A4009D76F4 /* GitHubUsersUITestsLaunchTests.swift */,
			);
			path = GitHubUsersUITests;
			sourceTree = "<group>";
		};
		C17C4E9D2E0FA2FC009D76F4 /* Helpers */ = {
			isa = PBXGroup;
			children = (
				C17C4EA52E0FAFBC009D76F4 /* APIConfig.stencil */,
				C17C4EA72E0FAFD1009D76F4 /* APIConfig.generated.swift */,
			);
			path = Helpers;
			sourceTree = "<group>";
		};
		C17C4EA92E0FB88B009D76F4 /* Network */ = {
			isa = PBXGroup;
			children = (
				C17C4EAA2E0FB8A5009D76F4 /* HTTPError.swift */,
				C17C4EAC2E0FB8CA009D76F4 /* HTTPHeader.swift */,
				C17C4EAE2E0FB928009D76F4 /* Result+Decode.swift */,
				C17C4EB32E0FB9D2009D76F4 /* URL+Query.swift */,
				C17C4EB52E0FBA00009D76F4 /* URLRequest+.swift */,
				C17C4EB72E0FBA42009D76F4 /* URLResponse+.swift */,
				C17C4EB92E0FBA61009D76F4 /* URLSession+Request.swift */,
				C17C4EBB2E0FBA84009D76F4 /* Pagination.swift */,
				C1727E692E0FE8A300F8AFAB /* APICall.swift */,
				C1727E672E0FE84C00F8AFAB /* HTTPWebService.swift */,
			);
			path = Network;
			sourceTree = "<group>";
		};
		C17C4EB02E0FB951009D76F4 /* Utilities */ = {
			isa = PBXGroup;
			children = (
				C17C4EB12E0FB96D009D76F4 /* Decodable+Decode.swift */,
				C1727E652E0FE56600F8AFAB /* String+.swift */,
				C1727E942E1157CB00F8AFAB /* View+.swift */,
			);
			path = Utilities;
			sourceTree = "<group>";
		};
		DC2AB645CA1E5DCCC5ED6E23 /* Frameworks */ = {
			isa = PBXGroup;
			children = (
				3AE01B523E7528C955411C22 /* Pods_GitHubUsers.framework */,
				D817333E3DBEFF4D35EC30C4 /* Pods_GitHubUsers_GitHubUsersUITests.framework */,
				F1E451BE788102C1C4858679 /* Pods_GitHubUsersTests.framework */,
			);
			name = Frameworks;
			sourceTree = "<group>";
		};
/* End PBXGroup section */

/* Begin PBXNativeTarget section */
		C17C4E6C2E0F93A2009D76F4 /* GitHubUsers */ = {
			isa = PBXNativeTarget;
			buildConfigurationList = C17C4E932E0F93A4009D76F4 /* Build configuration list for PBXNativeTarget "GitHubUsers" */;
			buildPhases = (
				7F3A1037E7EA2BCB94E78A35 /* [CP] Check Pods Manifest.lock */,
				C17C4EA42E0FAF83009D76F4 /* Generate APIConfig.swift */,
				C17C4E692E0F93A2009D76F4 /* Sources */,
				C17C4E6A2E0F93A2009D76F4 /* Frameworks */,
				C17C4E6B2E0F93A2009D76F4 /* Resources */,
			);
			buildRules = (
			);
			dependencies = (
			);
			name = GitHubUsers;
			productName = GitHubUsers;
			productReference = C17C4E6D2E0F93A2009D76F4 /* GitHubUsers.app */;
			productType = "com.apple.product-type.application";
		};
		C17C4E7E2E0F93A4009D76F4 /* GitHubUsersTests */ = {
			isa = PBXNativeTarget;
			buildConfigurationList = C17C4E962E0F93A4009D76F4 /* Build configuration list for PBXNativeTarget "GitHubUsersTests" */;
			buildPhases = (
				C8C2ED3CD2501C85B2CC1B9B /* [CP] Check Pods Manifest.lock */,
				C17C4E7B2E0F93A4009D76F4 /* Sources */,
				C17C4E7C2E0F93A4009D76F4 /* Frameworks */,
				C17C4E7D2E0F93A4009D76F4 /* Resources */,
			);
			buildRules = (
			);
			dependencies = (
				C17C4E812E0F93A4009D76F4 /* PBXTargetDependency */,
			);
			name = GitHubUsersTests;
			productName = GitHubUsersTests;
			productReference = C17C4E7F2E0F93A4009D76F4 /* GitHubUsersTests.xctest */;
			productType = "com.apple.product-type.bundle.unit-test";
		};
		C17C4E882E0F93A4009D76F4 /* GitHubUsersUITests */ = {
			isa = PBXNativeTarget;
			buildConfigurationList = C17C4E992E0F93A4009D76F4 /* Build configuration list for PBXNativeTarget "GitHubUsersUITests" */;
			buildPhases = (
				ACFD6DBF3F954D7F57BF34E5 /* [CP] Check Pods Manifest.lock */,
				C17C4E852E0F93A4009D76F4 /* Sources */,
				C17C4E862E0F93A4009D76F4 /* Frameworks */,
				C17C4E872E0F93A4009D76F4 /* Resources */,
			);
			buildRules = (
			);
			dependencies = (
				C17C4E8B2E0F93A4009D76F4 /* PBXTargetDependency */,
			);
			name = GitHubUsersUITests;
			productName = GitHubUsersUITests;
			productReference = C17C4E892E0F93A4009D76F4 /* GitHubUsersUITests.xctest */;
			productType = "com.apple.product-type.bundle.ui-testing";
		};
/* End PBXNativeTarget section */

/* Begin PBXProject section */
		C17C4E652E0F93A2009D76F4 /* Project object */ = {
			isa = PBXProject;
			attributes = {
				BuildIndependentTargetsInParallel = 1;
				LastSwiftUpdateCheck = 1510;
				LastUpgradeCheck = 1510;
				TargetAttributes = {
					C17C4E6C2E0F93A2009D76F4 = {
						CreatedOnToolsVersion = 15.1;
					};
					C17C4E7E2E0F93A4009D76F4 = {
						CreatedOnToolsVersion = 15.1;
						TestTargetID = C17C4E6C2E0F93A2009D76F4;
					};
					C17C4E882E0F93A4009D76F4 = {
						CreatedOnToolsVersion = 15.1;
						TestTargetID = C17C4E6C2E0F93A2009D76F4;
					};
				};
			};
			buildConfigurationList = C17C4E682E0F93A2009D76F4 /* Build configuration list for PBXProject "GitHubUsers" */;
			compatibilityVersion = "Xcode 14.0";
			developmentRegion = en;
			hasScannedForEncodings = 0;
			knownRegions = (
				en,
				Base,
			);
			mainGroup = C17C4E642E0F93A2009D76F4;
			productRefGroup = C17C4E6E2E0F93A2009D76F4 /* Products */;
			projectDirPath = "";
			projectRoot = "";
			targets = (
				C17C4E6C2E0F93A2009D76F4 /* GitHubUsers */,
				C17C4E7E2E0F93A4009D76F4 /* GitHubUsersTests */,
				C17C4E882E0F93A4009D76F4 /* GitHubUsersUITests */,
			);
		};
/* End PBXProject section */

/* Begin PBXResourcesBuildPhase section */
		C17C4E6B2E0F93A2009D76F4 /* Resources */ = {
			isa = PBXResourcesBuildPhase;
			buildActionMask = 2147483647;
			files = (
				C17C4E7A2E0F93A3009D76F4 /* Preview Assets.xcassets in Resources */,
				C17C4E772E0F93A3009D76F4 /* Assets.xcassets in Resources */,
				C17C4EA62E0FAFBC009D76F4 /* APIConfig.stencil in Resources */,
			);
			runOnlyForDeploymentPostprocessing = 0;
		};
		C17C4E7D2E0F93A4009D76F4 /* Resources */ = {
			isa = PBXResourcesBuildPhase;
			buildActionMask = 2147483647;
			files = (
			);
			runOnlyForDeploymentPostprocessing = 0;
		};
		C17C4E872E0F93A4009D76F4 /* Resources */ = {
			isa = PBXResourcesBuildPhase;
			buildActionMask = 2147483647;
			files = (
			);
			runOnlyForDeploymentPostprocessing = 0;
		};
/* End PBXResourcesBuildPhase section */

/* Begin PBXShellScriptBuildPhase section */
		7F3A1037E7EA2BCB94E78A35 /* [CP] Check Pods Manifest.lock */ = {
			isa = PBXShellScriptBuildPhase;
			buildActionMask = 2147483647;
			files = (
			);
			inputFileListPaths = (
			);
			inputPaths = (
				"${PODS_PODFILE_DIR_PATH}/Podfile.lock",
				"${PODS_ROOT}/Manifest.lock",
			);
			name = "[CP] Check Pods Manifest.lock";
			outputFileListPaths = (
			);
			outputPaths = (
				"$(DERIVED_FILE_DIR)/Pods-GitHubUsers-checkManifestLockResult.txt",
			);
			runOnlyForDeploymentPostprocessing = 0;
			shellPath = /bin/sh;
			shellScript = "diff \"${PODS_PODFILE_DIR_PATH}/Podfile.lock\" \"${PODS_ROOT}/Manifest.lock\" > /dev/null\nif [ $? != 0 ] ; then\n    # print error to STDERR\n    echo \"error: The sandbox is not in sync with the Podfile.lock. Run 'pod install' or update your CocoaPods installation.\" >&2\n    exit 1\nfi\n# This output is used by Xcode 'outputs' to avoid re-running this script phase.\necho \"SUCCESS\" > \"${SCRIPT_OUTPUT_FILE_0}\"\n";
			showEnvVarsInLog = 0;
		};
		ACFD6DBF3F954D7F57BF34E5 /* [CP] Check Pods Manifest.lock */ = {
			isa = PBXShellScriptBuildPhase;
			buildActionMask = 2147483647;
			files = (
			);
			inputFileListPaths = (
			);
			inputPaths = (
				"${PODS_PODFILE_DIR_PATH}/Podfile.lock",
				"${PODS_ROOT}/Manifest.lock",
			);
			name = "[CP] Check Pods Manifest.lock";
			outputFileListPaths = (
			);
			outputPaths = (
				"$(DERIVED_FILE_DIR)/Pods-GitHubUsers-GitHubUsersUITests-checkManifestLockResult.txt",
			);
			runOnlyForDeploymentPostprocessing = 0;
			shellPath = /bin/sh;
			shellScript = "diff \"${PODS_PODFILE_DIR_PATH}/Podfile.lock\" \"${PODS_ROOT}/Manifest.lock\" > /dev/null\nif [ $? != 0 ] ; then\n    # print error to STDERR\n    echo \"error: The sandbox is not in sync with the Podfile.lock. Run 'pod install' or update your CocoaPods installation.\" >&2\n    exit 1\nfi\n# This output is used by Xcode 'outputs' to avoid re-running this script phase.\necho \"SUCCESS\" > \"${SCRIPT_OUTPUT_FILE_0}\"\n";
			showEnvVarsInLog = 0;
		};
		C17C4EA42E0FAF83009D76F4 /* Generate APIConfig.swift */ = {
			isa = PBXShellScriptBuildPhase;
			buildActionMask = 2147483647;
			files = (
			);
			inputFileListPaths = (
			);
			inputPaths = (
			);
			name = "Generate APIConfig.swift";
			outputFileListPaths = (
			);
			outputPaths = (
				./GitHubUsers/Helpers/APIConfig.generated.swift,
			);
			runOnlyForDeploymentPostprocessing = 0;
			shellPath = /bin/sh;
			shellScript = "# Type a script or drag a script file from your workspace to insert its path.\nif [ -f ./env-vars.sh ]\nthen\nsource ./env-vars.sh\nfi\n\n${PODS_ROOT}/Sourcery/bin/sourcery --templates ./GitHubUsers/Helpers/ --output ./GitHubUsers/Helpers/ --sources ./GitHubUsers/ --args github_access_token=$GITHUB_ACCESS_TOKEN\n";
		};
		C8C2ED3CD2501C85B2CC1B9B /* [CP] Check Pods Manifest.lock */ = {
			isa = PBXShellScriptBuildPhase;
			buildActionMask = 2147483647;
			files = (
			);
			inputFileListPaths = (
			);
			inputPaths = (
				"${PODS_PODFILE_DIR_PATH}/Podfile.lock",
				"${PODS_ROOT}/Manifest.lock",
			);
			name = "[CP] Check Pods Manifest.lock";
			outputFileListPaths = (
			);
			outputPaths = (
				"$(DERIVED_FILE_DIR)/Pods-GitHubUsersTests-checkManifestLockResult.txt",
			);
			runOnlyForDeploymentPostprocessing = 0;
			shellPath = /bin/sh;
			shellScript = "diff \"${PODS_PODFILE_DIR_PATH}/Podfile.lock\" \"${PODS_ROOT}/Manifest.lock\" > /dev/null\nif [ $? != 0 ] ; then\n    # print error to STDERR\n    echo \"error: The sandbox is not in sync with the Podfile.lock. Run 'pod install' or update your CocoaPods installation.\" >&2\n    exit 1\nfi\n# This output is used by Xcode 'outputs' to avoid re-running this script phase.\necho \"SUCCESS\" > \"${SCRIPT_OUTPUT_FILE_0}\"\n";
			showEnvVarsInLog = 0;
		};
/* End PBXShellScriptBuildPhase section */

/* Begin PBXSourcesBuildPhase section */
		C17C4E692E0F93A2009D76F4 /* Sources */ = {
			isa = PBXSourcesBuildPhase;
			buildActionMask = 2147483647;
			files = (
				C17C4EAD2E0FB8CA009D76F4 /* HTTPHeader.swift in Sources */,
				C17C4EB42E0FB9D2009D76F4 /* URL+Query.swift in Sources */,
				C1727E682E0FE84C00F8AFAB /* HTTPWebService.swift in Sources */,
				C17C4EBA2E0FBA61009D76F4 /* URLSession+Request.swift in Sources */,
				C17C4E732E0F93A2009D76F4 /* ContentView.swift in Sources */,
				C17C4EA82E0FAFD1009D76F4 /* APIConfig.generated.swift in Sources */,
				C1727E8F2E10784500F8AFAB /* GitHubUserRepoListViewItem.swift in Sources */,
				C1727E852E10629900F8AFAB /* GitHubUserDetailsViewModel.swift in Sources */,
				C17C4EB22E0FB96D009D76F4 /* Decodable+Decode.swift in Sources */,
				C17C4EB62E0FBA00009D76F4 /* URLRequest+.swift in Sources */,
				C1727E742E0FF3CA00F8AFAB /* GitHubUserServices.swift in Sources */,
				C17C4E752E0F93A2009D76F4 /* Item.swift in Sources */,
				C1727E8D2E10738200F8AFAB /* GitHubUserRepoServices.swift in Sources */,
				C1727E792E10039900F8AFAB /* GitHubUserListViewModel.swift in Sources */,
				C17C4EB82E0FBA42009D76F4 /* URLResponse+.swift in Sources */,
				C1727E6F2E0FF20100F8AFAB /* GitHubRepo.swift in Sources */,
				C17C4EAF2E0FB928009D76F4 /* Result+Decode.swift in Sources */,
				C1727E7E2E10068100F8AFAB /* GitHubUserListView.swift in Sources */,
				C1727E6D2E0FEF7F00F8AFAB /* GitHubUser.swift in Sources */,
				C1727E932E11487100F8AFAB /* WebView.swift in Sources */,
				C1727E8B2E1066F100F8AFAB /* GitHubUserDetailsView.swift in Sources */,
				C17C4EAB2E0FB8A5009D76F4 /* HTTPError.swift in Sources */,
				C17C4E712E0F93A2009D76F4 /* GitHubUsersApp.swift in Sources */,
				C1727E662E0FE56600F8AFAB /* String+.swift in Sources */,
				C1727E892E10643900F8AFAB /* GitHubUserInfoView.swift in Sources */,
				C1727E802E1006BB00F8AFAB /* GitHubUserListViewItem.swift in Sources */,
				C1727E6A2E0FE8A300F8AFAB /* APICall.swift in Sources */,
				C1727E7B2E10043F00F8AFAB /* GitHubUsersAPI.swift in Sources */,
				C1727E952E1157CB00F8AFAB /* View+.swift in Sources */,
				C17C4EBC2E0FBA84009D76F4 /* Pagination.swift in Sources */,
			);
			runOnlyForDeploymentPostprocessing = 0;
		};
		C17C4E7B2E0F93A4009D76F4 /* Sources */ = {
			isa = PBXSourcesBuildPhase;
			buildActionMask = 2147483647;
			files = (
				C17C4E842E0F93A4009D76F4 /* GitHubUsersTests.swift in Sources */,
			);
			runOnlyForDeploymentPostprocessing = 0;
		};
		C17C4E852E0F93A4009D76F4 /* Sources */ = {
			isa = PBXSourcesBuildPhase;
			buildActionMask = 2147483647;
			files = (
				C17C4E902E0F93A4009D76F4 /* GitHubUsersUITestsLaunchTests.swift in Sources */,
				C17C4E8E2E0F93A4009D76F4 /* GitHubUsersUITests.swift in Sources */,
			);
			runOnlyForDeploymentPostprocessing = 0;
		};
/* End PBXSourcesBuildPhase section */

/* Begin PBXTargetDependency section */
		C17C4E812E0F93A4009D76F4 /* PBXTargetDependency */ = {
			isa = PBXTargetDependency;
			target = C17C4E6C2E0F93A2009D76F4 /* GitHubUsers */;
			targetProxy = C17C4E802E0F93A4009D76F4 /* PBXContainerItemProxy */;
		};
		C17C4E8B2E0F93A4009D76F4 /* PBXTargetDependency */ = {
			isa = PBXTargetDependency;
			target = C17C4E6C2E0F93A2009D76F4 /* GitHubUsers */;
			targetProxy = C17C4E8A2E0F93A4009D76F4 /* PBXContainerItemProxy */;
		};
/* End PBXTargetDependency section */

/* Begin XCBuildConfiguration section */
		C17C4E912E0F93A4009D76F4 /* Debug */ = {
			isa = XCBuildConfiguration;
			buildSettings = {
				ALWAYS_SEARCH_USER_PATHS = NO;
				ASSETCATALOG_COMPILER_GENERATE_SWIFT_ASSET_SYMBOL_EXTENSIONS = YES;
				CLANG_ANALYZER_NONNULL = YES;
				CLANG_ANALYZER_NUMBER_OBJECT_CONVERSION = YES_AGGRESSIVE;
				CLANG_CXX_LANGUAGE_STANDARD = "gnu++20";
				CLANG_ENABLE_MODULES = YES;
				CLANG_ENABLE_OBJC_ARC = YES;
				CLANG_ENABLE_OBJC_WEAK = YES;
				CLANG_WARN_BLOCK_CAPTURE_AUTORELEASING = YES;
				CLANG_WARN_BOOL_CONVERSION = YES;
				CLANG_WARN_COMMA = YES;
				CLANG_WARN_CONSTANT_CONVERSION = YES;
				CLANG_WARN_DEPRECATED_OBJC_IMPLEMENTATIONS = YES;
				CLANG_WARN_DIRECT_OBJC_ISA_USAGE = YES_ERROR;
				CLANG_WARN_DOCUMENTATION_COMMENTS = YES;
				CLANG_WARN_EMPTY_BODY = YES;
				CLANG_WARN_ENUM_CONVERSION = YES;
				CLANG_WARN_INFINITE_RECURSION = YES;
				CLANG_WARN_INT_CONVERSION = YES;
				CLANG_WARN_NON_LITERAL_NULL_CONVERSION = YES;
				CLANG_WARN_OBJC_IMPLICIT_RETAIN_SELF = YES;
				CLANG_WARN_OBJC_LITERAL_CONVERSION = YES;
				CLANG_WARN_OBJC_ROOT_CLASS = YES_ERROR;
				CLANG_WARN_QUOTED_INCLUDE_IN_FRAMEWORK_HEADER = YES;
				CLANG_WARN_RANGE_LOOP_ANALYSIS = YES;
				CLANG_WARN_STRICT_PROTOTYPES = YES;
				CLANG_WARN_SUSPICIOUS_MOVE = YES;
				CLANG_WARN_UNGUARDED_AVAILABILITY = YES_AGGRESSIVE;
				CLANG_WARN_UNREACHABLE_CODE = YES;
				CLANG_WARN__DUPLICATE_METHOD_MATCH = YES;
				COPY_PHASE_STRIP = NO;
				DEBUG_INFORMATION_FORMAT = dwarf;
				ENABLE_STRICT_OBJC_MSGSEND = YES;
				ENABLE_TESTABILITY = YES;
				ENABLE_USER_SCRIPT_SANDBOXING = YES;
				GCC_C_LANGUAGE_STANDARD = gnu17;
				GCC_DYNAMIC_NO_PIC = NO;
				GCC_NO_COMMON_BLOCKS = YES;
				GCC_OPTIMIZATION_LEVEL = 0;
				GCC_PREPROCESSOR_DEFINITIONS = (
					"DEBUG=1",
					"$(inherited)",
				);
				GCC_WARN_64_TO_32_BIT_CONVERSION = YES;
				GCC_WARN_ABOUT_RETURN_TYPE = YES_ERROR;
				GCC_WARN_UNDECLARED_SELECTOR = YES;
				GCC_WARN_UNINITIALIZED_AUTOS = YES_AGGRESSIVE;
				GCC_WARN_UNUSED_FUNCTION = YES;
				GCC_WARN_UNUSED_VARIABLE = YES;
				IPHONEOS_DEPLOYMENT_TARGET = 17.2;
				LOCALIZATION_PREFERS_STRING_CATALOGS = YES;
				MTL_ENABLE_DEBUG_INFO = INCLUDE_SOURCE;
				MTL_FAST_MATH = YES;
				ONLY_ACTIVE_ARCH = YES;
				SDKROOT = iphoneos;
				SWIFT_ACTIVE_COMPILATION_CONDITIONS = "DEBUG $(inherited)";
				SWIFT_OPTIMIZATION_LEVEL = "-Onone";
			};
			name = Debug;
		};
		C17C4E922E0F93A4009D76F4 /* Release */ = {
			isa = XCBuildConfiguration;
			buildSettings = {
				ALWAYS_SEARCH_USER_PATHS = NO;
				ASSETCATALOG_COMPILER_GENERATE_SWIFT_ASSET_SYMBOL_EXTENSIONS = YES;
				CLANG_ANALYZER_NONNULL = YES;
				CLANG_ANALYZER_NUMBER_OBJECT_CONVERSION = YES_AGGRESSIVE;
				CLANG_CXX_LANGUAGE_STANDARD = "gnu++20";
				CLANG_ENABLE_MODULES = YES;
				CLANG_ENABLE_OBJC_ARC = YES;
				CLANG_ENABLE_OBJC_WEAK = YES;
				CLANG_WARN_BLOCK_CAPTURE_AUTORELEASING = YES;
				CLANG_WARN_BOOL_CONVERSION = YES;
				CLANG_WARN_COMMA = YES;
				CLANG_WARN_CONSTANT_CONVERSION = YES;
				CLANG_WARN_DEPRECATED_OBJC_IMPLEMENTATIONS = YES;
				CLANG_WARN_DIRECT_OBJC_ISA_USAGE = YES_ERROR;
				CLANG_WARN_DOCUMENTATION_COMMENTS = YES;
				CLANG_WARN_EMPTY_BODY = YES;
				CLANG_WARN_ENUM_CONVERSION = YES;
				CLANG_WARN_INFINITE_RECURSION = YES;
				CLANG_WARN_INT_CONVERSION = YES;
				CLANG_WARN_NON_LITERAL_NULL_CONVERSION = YES;
				CLANG_WARN_OBJC_IMPLICIT_RETAIN_SELF = YES;
				CLANG_WARN_OBJC_LITERAL_CONVERSION = YES;
				CLANG_WARN_OBJC_ROOT_CLASS = YES_ERROR;
				CLANG_WARN_QUOTED_INCLUDE_IN_FRAMEWORK_HEADER = YES;
				CLANG_WARN_RANGE_LOOP_ANALYSIS = YES;
				CLANG_WARN_STRICT_PROTOTYPES = YES;
				CLANG_WARN_SUSPICIOUS_MOVE = YES;
				CLANG_WARN_UNGUARDED_AVAILABILITY = YES_AGGRESSIVE;
				CLANG_WARN_UNREACHABLE_CODE = YES;
				CLANG_WARN__DUPLICATE_METHOD_MATCH = YES;
				COPY_PHASE_STRIP = NO;
				DEBUG_INFORMATION_FORMAT = "dwarf-with-dsym";
				ENABLE_NS_ASSERTIONS = NO;
				ENABLE_STRICT_OBJC_MSGSEND = YES;
				ENABLE_USER_SCRIPT_SANDBOXING = YES;
				GCC_C_LANGUAGE_STANDARD = gnu17;
				GCC_NO_COMMON_BLOCKS = YES;
				GCC_WARN_64_TO_32_BIT_CONVERSION = YES;
				GCC_WARN_ABOUT_RETURN_TYPE = YES_ERROR;
				GCC_WARN_UNDECLARED_SELECTOR = YES;
				GCC_WARN_UNINITIALIZED_AUTOS = YES_AGGRESSIVE;
				GCC_WARN_UNUSED_FUNCTION = YES;
				GCC_WARN_UNUSED_VARIABLE = YES;
				IPHONEOS_DEPLOYMENT_TARGET = 17.2;
				LOCALIZATION_PREFERS_STRING_CATALOGS = YES;
				MTL_ENABLE_DEBUG_INFO = NO;
				MTL_FAST_MATH = YES;
				SDKROOT = iphoneos;
				SWIFT_COMPILATION_MODE = wholemodule;
				VALIDATE_PRODUCT = YES;
			};
			name = Release;
		};
		C17C4E942E0F93A4009D76F4 /* Debug */ = {
			isa = XCBuildConfiguration;
			baseConfigurationReference = B2600C066F3FB01A84A65693 /* Pods-GitHubUsers.debug.xcconfig */;
			buildSettings = {
				ASSETCATALOG_COMPILER_APPICON_NAME = AppIcon;
				ASSETCATALOG_COMPILER_GLOBAL_ACCENT_COLOR_NAME = AccentColor;
				CODE_SIGN_STYLE = Automatic;
				CURRENT_PROJECT_VERSION = 1;
				DEVELOPMENT_ASSET_PATHS = "\"GitHubUsers/Preview Content\"";
				ENABLE_PREVIEWS = YES;
				ENABLE_USER_SCRIPT_SANDBOXING = NO;
				GENERATE_INFOPLIST_FILE = YES;
				INFOPLIST_KEY_UIApplicationSceneManifest_Generation = YES;
				INFOPLIST_KEY_UIApplicationSupportsIndirectInputEvents = YES;
				INFOPLIST_KEY_UILaunchScreen_Generation = YES;
				INFOPLIST_KEY_UISupportedInterfaceOrientations_iPad = "UIInterfaceOrientationPortrait UIInterfaceOrientationPortraitUpsideDown UIInterfaceOrientationLandscapeLeft UIInterfaceOrientationLandscapeRight";
				INFOPLIST_KEY_UISupportedInterfaceOrientations_iPhone = "UIInterfaceOrientationPortrait UIInterfaceOrientationLandscapeLeft UIInterfaceOrientationLandscapeRight";
				LD_RUNPATH_SEARCH_PATHS = (
					"$(inherited)",
					"@executable_path/Frameworks",
				);
				MARKETING_VERSION = 1.0;
				PRODUCT_BUNDLE_IDENTIFIER = dev.alwialfiansyah.GitHubUsers;
				PRODUCT_NAME = "$(TARGET_NAME)";
				SWIFT_EMIT_LOC_STRINGS = YES;
				SWIFT_VERSION = 5.0;
				TARGETED_DEVICE_FAMILY = "1,2";
			};
			name = Debug;
		};
		C17C4E952E0F93A4009D76F4 /* Release */ = {
			isa = XCBuildConfiguration;
			baseConfigurationReference = 217B66196A0803D5F045CA0E /* Pods-GitHubUsers.release.xcconfig */;
			buildSettings = {
				ASSETCATALOG_COMPILER_APPICON_NAME = AppIcon;
				ASSETCATALOG_COMPILER_GLOBAL_ACCENT_COLOR_NAME = AccentColor;
				CODE_SIGN_STYLE = Automatic;
				CURRENT_PROJECT_VERSION = 1;
				DEVELOPMENT_ASSET_PATHS = "\"GitHubUsers/Preview Content\"";
				ENABLE_PREVIEWS = YES;
				ENABLE_USER_SCRIPT_SANDBOXING = NO;
				GENERATE_INFOPLIST_FILE = YES;
				INFOPLIST_KEY_UIApplicationSceneManifest_Generation = YES;
				INFOPLIST_KEY_UIApplicationSupportsIndirectInputEvents = YES;
				INFOPLIST_KEY_UILaunchScreen_Generation = YES;
				INFOPLIST_KEY_UISupportedInterfaceOrientations_iPad = "UIInterfaceOrientationPortrait UIInterfaceOrientationPortraitUpsideDown UIInterfaceOrientationLandscapeLeft UIInterfaceOrientationLandscapeRight";
				INFOPLIST_KEY_UISupportedInterfaceOrientations_iPhone = "UIInterfaceOrientationPortrait UIInterfaceOrientationLandscapeLeft UIInterfaceOrientationLandscapeRight";
				LD_RUNPATH_SEARCH_PATHS = (
					"$(inherited)",
					"@executable_path/Frameworks",
				);
				MARKETING_VERSION = 1.0;
				PRODUCT_BUNDLE_IDENTIFIER = dev.alwialfiansyah.GitHubUsers;
				PRODUCT_NAME = "$(TARGET_NAME)";
				SWIFT_EMIT_LOC_STRINGS = YES;
				SWIFT_VERSION = 5.0;
				TARGETED_DEVICE_FAMILY = "1,2";
			};
			name = Release;
		};
		C17C4E972E0F93A4009D76F4 /* Debug */ = {
			isa = XCBuildConfiguration;
			baseConfigurationReference = 879209BCB59B2401AAD83D97 /* Pods-GitHubUsersTests.debug.xcconfig */;
			buildSettings = {
				ALWAYS_EMBED_SWIFT_STANDARD_LIBRARIES = YES;
				BUNDLE_LOADER = "$(TEST_HOST)";
				CODE_SIGN_STYLE = Automatic;
				CURRENT_PROJECT_VERSION = 1;
				GENERATE_INFOPLIST_FILE = YES;
				IPHONEOS_DEPLOYMENT_TARGET = 17.2;
				MARKETING_VERSION = 1.0;
				PRODUCT_BUNDLE_IDENTIFIER = dev.alwialfiansyah.GitHubUsersTests;
				PRODUCT_NAME = "$(TARGET_NAME)";
				SWIFT_EMIT_LOC_STRINGS = NO;
				SWIFT_VERSION = 5.0;
				TARGETED_DEVICE_FAMILY = "1,2";
				TEST_HOST = "$(BUILT_PRODUCTS_DIR)/GitHubUsers.app/$(BUNDLE_EXECUTABLE_FOLDER_PATH)/GitHubUsers";
			};
			name = Debug;
		};
		C17C4E982E0F93A4009D76F4 /* Release */ = {
			isa = XCBuildConfiguration;
			baseConfigurationReference = 1264A37289011F4C0A1F5195 /* Pods-GitHubUsersTests.release.xcconfig */;
			buildSettings = {
				ALWAYS_EMBED_SWIFT_STANDARD_LIBRARIES = YES;
				BUNDLE_LOADER = "$(TEST_HOST)";
				CODE_SIGN_STYLE = Automatic;
				CURRENT_PROJECT_VERSION = 1;
				GENERATE_INFOPLIST_FILE = YES;
				IPHONEOS_DEPLOYMENT_TARGET = 17.2;
				MARKETING_VERSION = 1.0;
				PRODUCT_BUNDLE_IDENTIFIER = dev.alwialfiansyah.GitHubUsersTests;
				PRODUCT_NAME = "$(TARGET_NAME)";
				SWIFT_EMIT_LOC_STRINGS = NO;
				SWIFT_VERSION = 5.0;
				TARGETED_DEVICE_FAMILY = "1,2";
				TEST_HOST = "$(BUILT_PRODUCTS_DIR)/GitHubUsers.app/$(BUNDLE_EXECUTABLE_FOLDER_PATH)/GitHubUsers";
			};
			name = Release;
		};
		C17C4E9A2E0F93A4009D76F4 /* Debug */ = {
			isa = XCBuildConfiguration;
			baseConfigurationReference = FE66373EF0A26025AE5F217F /* Pods-GitHubUsers-GitHubUsersUITests.debug.xcconfig */;
			buildSettings = {
				ALWAYS_EMBED_SWIFT_STANDARD_LIBRARIES = YES;
				CODE_SIGN_STYLE = Automatic;
				CURRENT_PROJECT_VERSION = 1;
				GENERATE_INFOPLIST_FILE = YES;
				MARKETING_VERSION = 1.0;
				PRODUCT_BUNDLE_IDENTIFIER = dev.alwialfiansyah.GitHubUsersUITests;
				PRODUCT_NAME = "$(TARGET_NAME)";
				SWIFT_EMIT_LOC_STRINGS = NO;
				SWIFT_VERSION = 5.0;
				TARGETED_DEVICE_FAMILY = "1,2";
				TEST_TARGET_NAME = GitHubUsers;
			};
			name = Debug;
		};
		C17C4E9B2E0F93A4009D76F4 /* Release */ = {
			isa = XCBuildConfiguration;
			baseConfigurationReference = D5AE30B1A987C8164ECA901C /* Pods-GitHubUsers-GitHubUsersUITests.release.xcconfig */;
			buildSettings = {
				ALWAYS_EMBED_SWIFT_STANDARD_LIBRARIES = YES;
				CODE_SIGN_STYLE = Automatic;
				CURRENT_PROJECT_VERSION = 1;
				GENERATE_INFOPLIST_FILE = YES;
				MARKETING_VERSION = 1.0;
				PRODUCT_BUNDLE_IDENTIFIER = dev.alwialfiansyah.GitHubUsersUITests;
				PRODUCT_NAME = "$(TARGET_NAME)";
				SWIFT_EMIT_LOC_STRINGS = NO;
				SWIFT_VERSION = 5.0;
				TARGETED_DEVICE_FAMILY = "1,2";
				TEST_TARGET_NAME = GitHubUsers;
			};
			name = Release;
		};
/* End XCBuildConfiguration section */

/* Begin XCConfigurationList section */
		C17C4E682E0F93A2009D76F4 /* Build configuration list for PBXProject "GitHubUsers" */ = {
			isa = XCConfigurationList;
			buildConfigurations = (
				C17C4E912E0F93A4009D76F4 /* Debug */,
				C17C4E922E0F93A4009D76F4 /* Release */,
			);
			defaultConfigurationIsVisible = 0;
			defaultConfigurationName = Release;
		};
		C17C4E932E0F93A4009D76F4 /* Build configuration list for PBXNativeTarget "GitHubUsers" */ = {
			isa = XCConfigurationList;
			buildConfigurations = (
				C17C4E942E0F93A4009D76F4 /* Debug */,
				C17C4E952E0F93A4009D76F4 /* Release */,
			);
			defaultConfigurationIsVisible = 0;
			defaultConfigurationName = Release;
		};
		C17C4E962E0F93A4009D76F4 /* Build configuration list for PBXNativeTarget "GitHubUsersTests" */ = {
			isa = XCConfigurationList;
			buildConfigurations = (
				C17C4E972E0F93A4009D76F4 /* Debug */,
				C17C4E982E0F93A4009D76F4 /* Release */,
			);
			defaultConfigurationIsVisible = 0;
			defaultConfigurationName = Release;
		};
		C17C4E992E0F93A4009D76F4 /* Build configuration list for PBXNativeTarget "GitHubUsersUITests" */ = {
			isa = XCConfigurationList;
			buildConfigurations = (
				C17C4E9A2E0F93A4009D76F4 /* Debug */,
				C17C4E9B2E0F93A4009D76F4 /* Release */,
			);
			defaultConfigurationIsVisible = 0;
			defaultConfigurationName = Release;
		};
/* End XCConfigurationList section */
	};
	rootObject = C17C4E652E0F93A2009D76F4 /* Project object */;
}
